// !$*UTF8*$!
{
	archiveVersion = 1;
	classes = {
	};
	objectVersion = 46;
	objects = {

/* Begin PBXBuildFile section */
		05068C491EEAA42100B19F76 /* Pleas-Select-Image-UI.png in Resources */ = {isa = PBXBuildFile; fileRef = 05068C481EEAA42100B19F76 /* Pleas-Select-Image-UI.png */; };
		0513270C1F359E250024020B /* Simulator-Screen-Shot-2017.06.07-19.14.29.png in Resources */ = {isa = PBXBuildFile; fileRef = 0513270A1F359E250024020B /* Simulator-Screen-Shot-2017.06.07-19.14.29.png */; };
		0513270F1F359FA40024020B /* CViewController.swift in Sources */ = {isa = PBXBuildFile; fileRef = 0513270E1F359FA40024020B /* CViewController.swift */; };
		051327131F35A16E0024020B /* Simulator-Screen-Shot-2017.07.12-19.51.38.png in Resources */ = {isa = PBXBuildFile; fileRef = 051327121F35A16E0024020B /* Simulator-Screen-Shot-2017.07.12-19.51.38.png */; };
		051F92A21E922AE90085F340 /* AppDelegate.swift in Sources */ = {isa = PBXBuildFile; fileRef = 051F92A11E922AE90085F340 /* AppDelegate.swift */; };
		051F92A41E922AE90085F340 /* ViewController.swift in Sources */ = {isa = PBXBuildFile; fileRef = 051F92A31E922AE90085F340 /* ViewController.swift */; };
		051F92A71E922AE90085F340 /* Main.storyboard in Resources */ = {isa = PBXBuildFile; fileRef = 051F92A51E922AE90085F340 /* Main.storyboard */; };
		051F92A91E922AE90085F340 /* Assets.xcassets in Resources */ = {isa = PBXBuildFile; fileRef = 051F92A81E922AE90085F340 /* Assets.xcassets */; };
		051F92AC1E922AE90085F340 /* LaunchScreen.storyboard in Resources */ = {isa = PBXBuildFile; fileRef = 051F92AA1E922AE90085F340 /* LaunchScreen.storyboard */; };
		051F92B71E922AE90085F340 /* WhatisitTests.swift in Sources */ = {isa = PBXBuildFile; fileRef = 051F92B61E922AE90085F340 /* WhatisitTests.swift */; };
		051F92C21E922AE90085F340 /* WhatisitUITests.swift in Sources */ = {isa = PBXBuildFile; fileRef = 051F92C11E922AE90085F340 /* WhatisitUITests.swift */; };
		051F92D01E922C7A0085F340 /* GoogleService-Info.plist in Resources */ = {isa = PBXBuildFile; fileRef = 051F92CF1E922C7A0085F340 /* GoogleService-Info.plist */; };
		05339C5E1E936E4C0034C623 /* CustomTableViewCell.swift in Sources */ = {isa = PBXBuildFile; fileRef = 05339C5D1E936E4C0034C623 /* CustomTableViewCell.swift */; };
		0533BFA41ED2AF1200143854 /* 名称未設定-3.png in Resources */ = {isa = PBXBuildFile; fileRef = 0533BFA31ED2AF1200143854 /* 名称未設定-3.png */; };
		056286051E94D59F0053B3BD /* ios in Resources */ = {isa = PBXBuildFile; fileRef = 056286041E94D59F0053B3BD /* ios */; };
		056FEEC01F35746F0002DD17 /* PageViewController.swift in Sources */ = {isa = PBXBuildFile; fileRef = 056FEEBF1F35746F0002DD17 /* PageViewController.swift */; };
		056FEEC21F3574900002DD17 /* TFirstViewController.swift in Sources */ = {isa = PBXBuildFile; fileRef = 056FEEC11F3574900002DD17 /* TFirstViewController.swift */; };
		056FEEC41F3574A90002DD17 /* TSecondViewController.swift in Sources */ = {isa = PBXBuildFile; fileRef = 056FEEC31F3574A90002DD17 /* TSecondViewController.swift */; };
		0585B5F41EF154DC00282C9A /* bar-image.png in Resources */ = {isa = PBXBuildFile; fileRef = 0585B5F31EF154DC00282C9A /* bar-image.png */; };
		05DD3E451E937A1B004BF1E6 /* TableViewController.swift in Sources */ = {isa = PBXBuildFile; fileRef = 05DD3E441E937A1B004BF1E6 /* TableViewController.swift */; };
		05F87B1B1ECC5B520013A500 /* SafariServices.framework in Frameworks */ = {isa = PBXBuildFile; fileRef = 05F87B1A1ECC5B520013A500 /* SafariServices.framework */; };
		5A767EEA876ED5E9AEC6B708 /* Pods_WhatisitUITests.framework in Frameworks */ = {isa = PBXBuildFile; fileRef = FD72AEA9BB3C1B674C16C9EF /* Pods_WhatisitUITests.framework */; };
		63ACAB810C7C8747988E2BF7 /* Pods_WhatisitTests.framework in Frameworks */ = {isa = PBXBuildFile; fileRef = C7F8D1F8AC9084D065A3F938 /* Pods_WhatisitTests.framework */; };
		6B73F4A4DB954ED16A4FDCC0 /* Pods_Whatisit.framework in Frameworks */ = {isa = PBXBuildFile; fileRef = 356B8A8842206AA6CAC1AD48 /* Pods_Whatisit.framework */; };
/* End PBXBuildFile section */

/* Begin PBXContainerItemProxy section */
		051F92B31E922AE90085F340 /* PBXContainerItemProxy */ = {
			isa = PBXContainerItemProxy;
			containerPortal = 051F92961E922AE90085F340 /* Project object */;
			proxyType = 1;
			remoteGlobalIDString = 051F929D1E922AE90085F340;
			remoteInfo = Whatisit;
		};
		051F92BE1E922AE90085F340 /* PBXContainerItemProxy */ = {
			isa = PBXContainerItemProxy;
			containerPortal = 051F92961E922AE90085F340 /* Project object */;
			proxyType = 1;
			remoteGlobalIDString = 051F929D1E922AE90085F340;
			remoteInfo = Whatisit;
		};
/* End PBXContainerItemProxy section */

/* Begin PBXFileReference section */
		05068C481EEAA42100B19F76 /* Pleas-Select-Image-UI.png */ = {isa = PBXFileReference; lastKnownFileType = image.png; path = "Pleas-Select-Image-UI.png"; sourceTree = "<group>"; };
		0513270A1F359E250024020B /* Simulator-Screen-Shot-2017.06.07-19.14.29.png */ = {isa = PBXFileReference; lastKnownFileType = image.png; path = "Simulator-Screen-Shot-2017.06.07-19.14.29.png"; sourceTree = "<group>"; };
		0513270E1F359FA40024020B /* CViewController.swift */ = {isa = PBXFileReference; fileEncoding = 4; lastKnownFileType = sourcecode.swift; path = CViewController.swift; sourceTree = "<group>"; };
		051327121F35A16E0024020B /* Simulator-Screen-Shot-2017.07.12-19.51.38.png */ = {isa = PBXFileReference; lastKnownFileType = image.png; path = "Simulator-Screen-Shot-2017.07.12-19.51.38.png"; sourceTree = "<group>"; };
		051F929E1E922AE90085F340 /* Whatisit.app */ = {isa = PBXFileReference; explicitFileType = wrapper.application; includeInIndex = 0; path = Whatisit.app; sourceTree = BUILT_PRODUCTS_DIR; };
		051F92A11E922AE90085F340 /* AppDelegate.swift */ = {isa = PBXFileReference; lastKnownFileType = sourcecode.swift; path = AppDelegate.swift; sourceTree = "<group>"; };
		051F92A31E922AE90085F340 /* ViewController.swift */ = {isa = PBXFileReference; lastKnownFileType = sourcecode.swift; path = ViewController.swift; sourceTree = "<group>"; };
		051F92A61E922AE90085F340 /* Base */ = {isa = PBXFileReference; lastKnownFileType = file.storyboard; name = Base; path = Base.lproj/Main.storyboard; sourceTree = "<group>"; };
		051F92A81E922AE90085F340 /* Assets.xcassets */ = {isa = PBXFileReference; lastKnownFileType = folder.assetcatalog; path = Assets.xcassets; sourceTree = "<group>"; };
		051F92AB1E922AE90085F340 /* Base */ = {isa = PBXFileReference; lastKnownFileType = file.storyboard; name = Base; path = Base.lproj/LaunchScreen.storyboard; sourceTree = "<group>"; };
		051F92AD1E922AE90085F340 /* Info.plist */ = {isa = PBXFileReference; lastKnownFileType = text.plist.xml; path = Info.plist; sourceTree = "<group>"; };
		051F92B21E922AE90085F340 /* WhatisitTests.xctest */ = {isa = PBXFileReference; explicitFileType = wrapper.cfbundle; includeInIndex = 0; path = WhatisitTests.xctest; sourceTree = BUILT_PRODUCTS_DIR; };
		051F92B61E922AE90085F340 /* WhatisitTests.swift */ = {isa = PBXFileReference; lastKnownFileType = sourcecode.swift; path = WhatisitTests.swift; sourceTree = "<group>"; };
		051F92B81E922AE90085F340 /* Info.plist */ = {isa = PBXFileReference; lastKnownFileType = text.plist.xml; path = Info.plist; sourceTree = "<group>"; };
		051F92BD1E922AE90085F340 /* WhatisitUITests.xctest */ = {isa = PBXFileReference; explicitFileType = wrapper.cfbundle; includeInIndex = 0; path = WhatisitUITests.xctest; sourceTree = BUILT_PRODUCTS_DIR; };
		051F92C11E922AE90085F340 /* WhatisitUITests.swift */ = {isa = PBXFileReference; lastKnownFileType = sourcecode.swift; path = WhatisitUITests.swift; sourceTree = "<group>"; };
		051F92C31E922AE90085F340 /* Info.plist */ = {isa = PBXFileReference; lastKnownFileType = text.plist.xml; path = Info.plist; sourceTree = "<group>"; };
		051F92CF1E922C7A0085F340 /* GoogleService-Info.plist */ = {isa = PBXFileReference; fileEncoding = 4; lastKnownFileType = text.plist.xml; path = "GoogleService-Info.plist"; sourceTree = "<group>"; };
		05339C5D1E936E4C0034C623 /* CustomTableViewCell.swift */ = {isa = PBXFileReference; fileEncoding = 4; lastKnownFileType = sourcecode.swift; path = CustomTableViewCell.swift; sourceTree = "<group>"; };
		0533BFA31ED2AF1200143854 /* 名称未設定-3.png */ = {isa = PBXFileReference; lastKnownFileType = image.png; path = "名称未設定-3.png"; sourceTree = "<group>"; };
		056286041E94D59F0053B3BD /* ios */ = {isa = PBXFileReference; lastKnownFileType = folder; path = ios; sourceTree = "<group>"; };
		056FEEBF1F35746F0002DD17 /* PageViewController.swift */ = {isa = PBXFileReference; fileEncoding = 4; lastKnownFileType = sourcecode.swift; path = PageViewController.swift; sourceTree = "<group>"; };
		056FEEC11F3574900002DD17 /* TFirstViewController.swift */ = {isa = PBXFileReference; fileEncoding = 4; lastKnownFileType = sourcecode.swift; name = TFirstViewController.swift; path = ../TFirstViewController.swift; sourceTree = "<group>"; };
		056FEEC31F3574A90002DD17 /* TSecondViewController.swift */ = {isa = PBXFileReference; fileEncoding = 4; lastKnownFileType = sourcecode.swift; path = TSecondViewController.swift; sourceTree = "<group>"; };
		0585B5F31EF154DC00282C9A /* bar-image.png */ = {isa = PBXFileReference; lastKnownFileType = image.png; path = "bar-image.png"; sourceTree = "<group>"; };
		05DD3E441E937A1B004BF1E6 /* TableViewController.swift */ = {isa = PBXFileReference; fileEncoding = 4; lastKnownFileType = sourcecode.swift; path = TableViewController.swift; sourceTree = "<group>"; };
		05F87B1A1ECC5B520013A500 /* SafariServices.framework */ = {isa = PBXFileReference; lastKnownFileType = wrapper.framework; name = SafariServices.framework; path = System/Library/Frameworks/SafariServices.framework; sourceTree = SDKROOT; };
		0F49527E375B56D1149E1776 /* Pods-Whatisit.debug.xcconfig */ = {isa = PBXFileReference; includeInIndex = 1; lastKnownFileType = text.xcconfig; name = "Pods-Whatisit.debug.xcconfig"; path = "Pods/Target Support Files/Pods-Whatisit/Pods-Whatisit.debug.xcconfig"; sourceTree = "<group>"; };
		356B8A8842206AA6CAC1AD48 /* Pods_Whatisit.framework */ = {isa = PBXFileReference; explicitFileType = wrapper.framework; includeInIndex = 0; path = Pods_Whatisit.framework; sourceTree = BUILT_PRODUCTS_DIR; };
		4E6E68B28634E59CCA2641B3 /* Pods-WhatisitTests.release.xcconfig */ = {isa = PBXFileReference; includeInIndex = 1; lastKnownFileType = text.xcconfig; name = "Pods-WhatisitTests.release.xcconfig"; path = "Pods/Target Support Files/Pods-WhatisitTests/Pods-WhatisitTests.release.xcconfig"; sourceTree = "<group>"; };
		9B4902470445725070DA2221 /* Pods-WhatisitUITests.release.xcconfig */ = {isa = PBXFileReference; includeInIndex = 1; lastKnownFileType = text.xcconfig; name = "Pods-WhatisitUITests.release.xcconfig"; path = "Pods/Target Support Files/Pods-WhatisitUITests/Pods-WhatisitUITests.release.xcconfig"; sourceTree = "<group>"; };
		A04A1FB8CD5FA6F256744440 /* Pods-Whatisit.release.xcconfig */ = {isa = PBXFileReference; includeInIndex = 1; lastKnownFileType = text.xcconfig; name = "Pods-Whatisit.release.xcconfig"; path = "Pods/Target Support Files/Pods-Whatisit/Pods-Whatisit.release.xcconfig"; sourceTree = "<group>"; };
		C7F8D1F8AC9084D065A3F938 /* Pods_WhatisitTests.framework */ = {isa = PBXFileReference; explicitFileType = wrapper.framework; includeInIndex = 0; path = Pods_WhatisitTests.framework; sourceTree = BUILT_PRODUCTS_DIR; };
		DEEAEE97BF172A1286AADF3D /* Pods-WhatisitUITests.debug.xcconfig */ = {isa = PBXFileReference; includeInIndex = 1; lastKnownFileType = text.xcconfig; name = "Pods-WhatisitUITests.debug.xcconfig"; path = "Pods/Target Support Files/Pods-WhatisitUITests/Pods-WhatisitUITests.debug.xcconfig"; sourceTree = "<group>"; };
		FA3F37E8D580D9893B8C5840 /* Pods-WhatisitTests.debug.xcconfig */ = {isa = PBXFileReference; includeInIndex = 1; lastKnownFileType = text.xcconfig; name = "Pods-WhatisitTests.debug.xcconfig"; path = "Pods/Target Support Files/Pods-WhatisitTests/Pods-WhatisitTests.debug.xcconfig"; sourceTree = "<group>"; };
		FD72AEA9BB3C1B674C16C9EF /* Pods_WhatisitUITests.framework */ = {isa = PBXFileReference; explicitFileType = wrapper.framework; includeInIndex = 0; path = Pods_WhatisitUITests.framework; sourceTree = BUILT_PRODUCTS_DIR; };
/* End PBXFileReference section */

/* Begin PBXFrameworksBuildPhase section */
		051F929B1E922AE90085F340 /* Frameworks */ = {
			isa = PBXFrameworksBuildPhase;
			buildActionMask = 2147483647;
			files = (
				05F87B1B1ECC5B520013A500 /* SafariServices.framework in Frameworks */,
				6B73F4A4DB954ED16A4FDCC0 /* Pods_Whatisit.framework in Frameworks */,
			);
			runOnlyForDeploymentPostprocessing = 0;
		};
		051F92AF1E922AE90085F340 /* Frameworks */ = {
			isa = PBXFrameworksBuildPhase;
			buildActionMask = 2147483647;
			files = (
				63ACAB810C7C8747988E2BF7 /* Pods_WhatisitTests.framework in Frameworks */,
			);
			runOnlyForDeploymentPostprocessing = 0;
		};
		051F92BA1E922AE90085F340 /* Frameworks */ = {
			isa = PBXFrameworksBuildPhase;
			buildActionMask = 2147483647;
			files = (
				5A767EEA876ED5E9AEC6B708 /* Pods_WhatisitUITests.framework in Frameworks */,
			);
			runOnlyForDeploymentPostprocessing = 0;
		};
/* End PBXFrameworksBuildPhase section */

/* Begin PBXGroup section */
		051F92951E922AE90085F340 = {
			isa = PBXGroup;
			children = (
				051F92A01E922AE90085F340 /* Whatisit */,
				051F92B51E922AE90085F340 /* WhatisitTests */,
				051F92C01E922AE90085F340 /* WhatisitUITests */,
				051F929F1E922AE90085F340 /* Products */,
				A80CDC6BF40AFA744B34B997 /* Pods */,
				F297944A41427285B4EAB56E /* Frameworks */,
			);
			sourceTree = "<group>";
		};
		051F929F1E922AE90085F340 /* Products */ = {
			isa = PBXGroup;
			children = (
				051F929E1E922AE90085F340 /* Whatisit.app */,
				051F92B21E922AE90085F340 /* WhatisitTests.xctest */,
				051F92BD1E922AE90085F340 /* WhatisitUITests.xctest */,
			);
			name = Products;
			sourceTree = "<group>";
		};
		051F92A01E922AE90085F340 /* Whatisit */ = {
			isa = PBXGroup;
			children = (
				051327121F35A16E0024020B /* Simulator-Screen-Shot-2017.07.12-19.51.38.png */,
				0513270A1F359E250024020B /* Simulator-Screen-Shot-2017.06.07-19.14.29.png */,
				0533BFA31ED2AF1200143854 /* 名称未設定-3.png */,
				0585B5F31EF154DC00282C9A /* bar-image.png */,
				05068C481EEAA42100B19F76 /* Pleas-Select-Image-UI.png */,
				056286041E94D59F0053B3BD /* ios */,
				051F92A11E922AE90085F340 /* AppDelegate.swift */,
				051F92A31E922AE90085F340 /* ViewController.swift */,
				051F92A51E922AE90085F340 /* Main.storyboard */,
				051F92A81E922AE90085F340 /* Assets.xcassets */,
				051F92AA1E922AE90085F340 /* LaunchScreen.storyboard */,
				051F92AD1E922AE90085F340 /* Info.plist */,
				051F92CF1E922C7A0085F340 /* GoogleService-Info.plist */,
				05339C5D1E936E4C0034C623 /* CustomTableViewCell.swift */,
				05DD3E441E937A1B004BF1E6 /* TableViewController.swift */,
				056FEEBF1F35746F0002DD17 /* PageViewController.swift */,
				056FEEC11F3574900002DD17 /* TFirstViewController.swift */,
				056FEEC31F3574A90002DD17 /* TSecondViewController.swift */,
				0513270E1F359FA40024020B /* CViewController.swift */,
			);
			path = Whatisit;
			sourceTree = "<group>";
		};
		051F92B51E922AE90085F340 /* WhatisitTests */ = {
			isa = PBXGroup;
			children = (
				051F92B61E922AE90085F340 /* WhatisitTests.swift */,
				051F92B81E922AE90085F340 /* Info.plist */,
			);
			path = WhatisitTests;
			sourceTree = "<group>";
		};
		051F92C01E922AE90085F340 /* WhatisitUITests */ = {
			isa = PBXGroup;
			children = (
				051F92C11E922AE90085F340 /* WhatisitUITests.swift */,
				051F92C31E922AE90085F340 /* Info.plist */,
			);
			path = WhatisitUITests;
			sourceTree = "<group>";
		};
		A80CDC6BF40AFA744B34B997 /* Pods */ = {
			isa = PBXGroup;
			children = (
				0F49527E375B56D1149E1776 /* Pods-Whatisit.debug.xcconfig */,
				A04A1FB8CD5FA6F256744440 /* Pods-Whatisit.release.xcconfig */,
				FA3F37E8D580D9893B8C5840 /* Pods-WhatisitTests.debug.xcconfig */,
				4E6E68B28634E59CCA2641B3 /* Pods-WhatisitTests.release.xcconfig */,
				DEEAEE97BF172A1286AADF3D /* Pods-WhatisitUITests.debug.xcconfig */,
				9B4902470445725070DA2221 /* Pods-WhatisitUITests.release.xcconfig */,
			);
			name = Pods;
			sourceTree = "<group>";
		};
		F297944A41427285B4EAB56E /* Frameworks */ = {
			isa = PBXGroup;
			children = (
				05F87B1A1ECC5B520013A500 /* SafariServices.framework */,
				356B8A8842206AA6CAC1AD48 /* Pods_Whatisit.framework */,
				C7F8D1F8AC9084D065A3F938 /* Pods_WhatisitTests.framework */,
				FD72AEA9BB3C1B674C16C9EF /* Pods_WhatisitUITests.framework */,
			);
			name = Frameworks;
			sourceTree = "<group>";
		};
/* End PBXGroup section */

/* Begin PBXNativeTarget section */
		051F929D1E922AE90085F340 /* Whatisit */ = {
			isa = PBXNativeTarget;
			buildConfigurationList = 051F92C61E922AE90085F340 /* Build configuration list for PBXNativeTarget "Whatisit" */;
			buildPhases = (
				5E991C15B7DF96C27ED966C0 /* [CP] Check Pods Manifest.lock */,
				051F929A1E922AE90085F340 /* Sources */,
				051F929B1E922AE90085F340 /* Frameworks */,
				051F929C1E922AE90085F340 /* Resources */,
				1E9B508D43C47C1171F7D3F4 /* [CP] Embed Pods Frameworks */,
				97709E52D0914C79C7C1ED51 /* [CP] Copy Pods Resources */,
			);
			buildRules = (
			);
			dependencies = (
			);
			name = Whatisit;
			productName = Whatisit;
			productReference = 051F929E1E922AE90085F340 /* Whatisit.app */;
			productType = "com.apple.product-type.application";
		};
		051F92B11E922AE90085F340 /* WhatisitTests */ = {
			isa = PBXNativeTarget;
			buildConfigurationList = 051F92C91E922AE90085F340 /* Build configuration list for PBXNativeTarget "WhatisitTests" */;
			buildPhases = (
				8A54FE018733E6D4DF7508E7 /* [CP] Check Pods Manifest.lock */,
				051F92AE1E922AE90085F340 /* Sources */,
				051F92AF1E922AE90085F340 /* Frameworks */,
				051F92B01E922AE90085F340 /* Resources */,
				CC9BE4BE26223EB5537B22DE /* [CP] Embed Pods Frameworks */,
				3ED655639051C0F7F595D97C /* [CP] Copy Pods Resources */,
			);
			buildRules = (
			);
			dependencies = (
				051F92B41E922AE90085F340 /* PBXTargetDependency */,
			);
			name = WhatisitTests;
			productName = WhatisitTests;
			productReference = 051F92B21E922AE90085F340 /* WhatisitTests.xctest */;
			productType = "com.apple.product-type.bundle.unit-test";
		};
		051F92BC1E922AE90085F340 /* WhatisitUITests */ = {
			isa = PBXNativeTarget;
			buildConfigurationList = 051F92CC1E922AE90085F340 /* Build configuration list for PBXNativeTarget "WhatisitUITests" */;
			buildPhases = (
				9324E35B59FDDD7457AFCE8A /* [CP] Check Pods Manifest.lock */,
				051F92B91E922AE90085F340 /* Sources */,
				051F92BA1E922AE90085F340 /* Frameworks */,
				051F92BB1E922AE90085F340 /* Resources */,
				44968BE72D3B338A7DC6284C /* [CP] Copy Pods Resources */,
			);
			buildRules = (
			);
			dependencies = (
				051F92BF1E922AE90085F340 /* PBXTargetDependency */,
			);
			name = WhatisitUITests;
			productName = WhatisitUITests;
			productReference = 051F92BD1E922AE90085F340 /* WhatisitUITests.xctest */;
			productType = "com.apple.product-type.bundle.ui-testing";
		};
/* End PBXNativeTarget section */

/* Begin PBXProject section */
		051F92961E922AE90085F340 /* Project object */ = {
			isa = PBXProject;
			attributes = {
				LastSwiftUpdateCheck = 0830;
				LastUpgradeCheck = 0830;
				ORGANIZATIONNAME = "田中颯太";
				TargetAttributes = {
					051F929D1E922AE90085F340 = {
						CreatedOnToolsVersion = 8.3;
						DevelopmentTeam = HCS25MS9UH;
						ProvisioningStyle = Automatic;
					};
					051F92B11E922AE90085F340 = {
						CreatedOnToolsVersion = 8.3;
						ProvisioningStyle = Automatic;
						TestTargetID = 051F929D1E922AE90085F340;
					};
					051F92BC1E922AE90085F340 = {
						CreatedOnToolsVersion = 8.3;
						ProvisioningStyle = Automatic;
						TestTargetID = 051F929D1E922AE90085F340;
					};
				};
			};
			buildConfigurationList = 051F92991E922AE90085F340 /* Build configuration list for PBXProject "Whatisit" */;
			compatibilityVersion = "Xcode 3.2";
			developmentRegion = English;
			hasScannedForEncodings = 0;
			knownRegions = (
				en,
				Base,
			);
			mainGroup = 051F92951E922AE90085F340;
			productRefGroup = 051F929F1E922AE90085F340 /* Products */;
			projectDirPath = "";
			projectRoot = "";
			targets = (
				051F929D1E922AE90085F340 /* Whatisit */,
				051F92B11E922AE90085F340 /* WhatisitTests */,
				051F92BC1E922AE90085F340 /* WhatisitUITests */,
			);
		};
/* End PBXProject section */

/* Begin PBXResourcesBuildPhase section */
		051F929C1E922AE90085F340 /* Resources */ = {
			isa = PBXResourcesBuildPhase;
			buildActionMask = 2147483647;
			files = (
				0533BFA41ED2AF1200143854 /* 名称未設定-3.png in Resources */,
				0513270C1F359E250024020B /* Simulator-Screen-Shot-2017.06.07-19.14.29.png in Resources */,
				051F92AC1E922AE90085F340 /* LaunchScreen.storyboard in Resources */,
				051327131F35A16E0024020B /* Simulator-Screen-Shot-2017.07.12-19.51.38.png in Resources */,
				051F92D01E922C7A0085F340 /* GoogleService-Info.plist in Resources */,
				051F92A91E922AE90085F340 /* Assets.xcassets in Resources */,
				05068C491EEAA42100B19F76 /* Pleas-Select-Image-UI.png in Resources */,
				0585B5F41EF154DC00282C9A /* bar-image.png in Resources */,
				051F92A71E922AE90085F340 /* Main.storyboard in Resources */,
				056286051E94D59F0053B3BD /* ios in Resources */,
			);
			runOnlyForDeploymentPostprocessing = 0;
		};
		051F92B01E922AE90085F340 /* Resources */ = {
			isa = PBXResourcesBuildPhase;
			buildActionMask = 2147483647;
			files = (
			);
			runOnlyForDeploymentPostprocessing = 0;
		};
		051F92BB1E922AE90085F340 /* Resources */ = {
			isa = PBXResourcesBuildPhase;
			buildActionMask = 2147483647;
			files = (
			);
			runOnlyForDeploymentPostprocessing = 0;
		};
/* End PBXResourcesBuildPhase section */

/* Begin PBXShellScriptBuildPhase section */
		1E9B508D43C47C1171F7D3F4 /* [CP] Embed Pods Frameworks */ = {
			isa = PBXShellScriptBuildPhase;
			buildActionMask = 2147483647;
			files = (
			);
			inputPaths = (
			);
			name = "[CP] Embed Pods Frameworks";
			outputPaths = (
			);
			runOnlyForDeploymentPostprocessing = 0;
			shellPath = /bin/sh;
			shellScript = "\"${SRCROOT}/Pods/Target Support Files/Pods-Whatisit/Pods-Whatisit-frameworks.sh\"\n";
			showEnvVarsInLog = 0;
		};
		3ED655639051C0F7F595D97C /* [CP] Copy Pods Resources */ = {
			isa = PBXShellScriptBuildPhase;
			buildActionMask = 2147483647;
			files = (
			);
			inputPaths = (
			);
			name = "[CP] Copy Pods Resources";
			outputPaths = (
			);
			runOnlyForDeploymentPostprocessing = 0;
			shellPath = /bin/sh;
			shellScript = "\"${SRCROOT}/Pods/Target Support Files/Pods-WhatisitTests/Pods-WhatisitTests-resources.sh\"\n";
			showEnvVarsInLog = 0;
		};
		44968BE72D3B338A7DC6284C /* [CP] Copy Pods Resources */ = {
			isa = PBXShellScriptBuildPhase;
			buildActionMask = 2147483647;
			files = (
			);
			inputPaths = (
			);
			name = "[CP] Copy Pods Resources";
			outputPaths = (
			);
			runOnlyForDeploymentPostprocessing = 0;
			shellPath = /bin/sh;
			shellScript = "\"${SRCROOT}/Pods/Target Support Files/Pods-WhatisitUITests/Pods-WhatisitUITests-resources.sh\"\n";
			showEnvVarsInLog = 0;
		};
		5E991C15B7DF96C27ED966C0 /* [CP] Check Pods Manifest.lock */ = {
			isa = PBXShellScriptBuildPhase;
			buildActionMask = 2147483647;
			files = (
			);
			inputPaths = (
			);
			name = "[CP] Check Pods Manifest.lock";
			outputPaths = (
			);
			runOnlyForDeploymentPostprocessing = 0;
			shellPath = /bin/sh;
			shellScript = "diff \"${PODS_ROOT}/../Podfile.lock\" \"${PODS_ROOT}/Manifest.lock\" > /dev/null\nif [[ $? != 0 ]] ; then\n    cat << EOM\nerror: The sandbox is not in sync with the Podfile.lock. Run 'pod install' or update your CocoaPods installation.\nEOM\n    exit 1\nfi\n";
			showEnvVarsInLog = 0;
		};
		8A54FE018733E6D4DF7508E7 /* [CP] Check Pods Manifest.lock */ = {
			isa = PBXShellScriptBuildPhase;
			buildActionMask = 2147483647;
			files = (
			);
			inputPaths = (
			);
			name = "[CP] Check Pods Manifest.lock";
			outputPaths = (
			);
			runOnlyForDeploymentPostprocessing = 0;
			shellPath = /bin/sh;
			shellScript = "diff \"${PODS_ROOT}/../Podfile.lock\" \"${PODS_ROOT}/Manifest.lock\" > /dev/null\nif [[ $? != 0 ]] ; then\n    cat << EOM\nerror: The sandbox is not in sync with the Podfile.lock. Run 'pod install' or update your CocoaPods installation.\nEOM\n    exit 1\nfi\n";
			showEnvVarsInLog = 0;
		};
		9324E35B59FDDD7457AFCE8A /* [CP] Check Pods Manifest.lock */ = {
			isa = PBXShellScriptBuildPhase;
			buildActionMask = 2147483647;
			files = (
			);
			inputPaths = (
			);
			name = "[CP] Check Pods Manifest.lock";
			outputPaths = (
			);
			runOnlyForDeploymentPostprocessing = 0;
			shellPath = /bin/sh;
			shellScript = "diff \"${PODS_ROOT}/../Podfile.lock\" \"${PODS_ROOT}/Manifest.lock\" > /dev/null\nif [[ $? != 0 ]] ; then\n    cat << EOM\nerror: The sandbox is not in sync with the Podfile.lock. Run 'pod install' or update your CocoaPods installation.\nEOM\n    exit 1\nfi\n";
			showEnvVarsInLog = 0;
		};
		97709E52D0914C79C7C1ED51 /* [CP] Copy Pods Resources */ = {
			isa = PBXShellScriptBuildPhase;
			buildActionMask = 2147483647;
			files = (
			);
			inputPaths = (
			);
			name = "[CP] Copy Pods Resources";
			outputPaths = (
			);
			runOnlyForDeploymentPostprocessing = 0;
			shellPath = /bin/sh;
			shellScript = "\"${SRCROOT}/Pods/Target Support Files/Pods-Whatisit/Pods-Whatisit-resources.sh\"\n";
			showEnvVarsInLog = 0;
		};
		CC9BE4BE26223EB5537B22DE /* [CP] Embed Pods Frameworks */ = {
			isa = PBXShellScriptBuildPhase;
			buildActionMask = 2147483647;
			files = (
			);
			inputPaths = (
			);
			name = "[CP] Embed Pods Frameworks";
			outputPaths = (
			);
			runOnlyForDeploymentPostprocessing = 0;
			shellPath = /bin/sh;
			shellScript = "\"${SRCROOT}/Pods/Target Support Files/Pods-WhatisitTests/Pods-WhatisitTests-frameworks.sh\"\n";
			showEnvVarsInLog = 0;
		};
/* End PBXShellScriptBuildPhase section */

/* Begin PBXSourcesBuildPhase section */
		051F929A1E922AE90085F340 /* Sources */ = {
			isa = PBXSourcesBuildPhase;
			buildActionMask = 2147483647;
			files = (
				056FEEC41F3574A90002DD17 /* TSecondViewController.swift in Sources */,
				051F92A41E922AE90085F340 /* ViewController.swift in Sources */,
				0513270F1F359FA40024020B /* CViewController.swift in Sources */,
				056FEEC01F35746F0002DD17 /* PageViewController.swift in Sources */,
				05339C5E1E936E4C0034C623 /* CustomTableViewCell.swift in Sources */,
				051F92A21E922AE90085F340 /* AppDelegate.swift in Sources */,
				056FEEC21F3574900002DD17 /* TFirstViewController.swift in Sources */,
				05DD3E451E937A1B004BF1E6 /* TableViewController.swift in Sources */,
			);
			runOnlyForDeploymentPostprocessing = 0;
		};
		051F92AE1E922AE90085F340 /* Sources */ = {
			isa = PBXSourcesBuildPhase;
			buildActionMask = 2147483647;
			files = (
				051F92B71E922AE90085F340 /* WhatisitTests.swift in Sources */,
			);
			runOnlyForDeploymentPostprocessing = 0;
		};
		051F92B91E922AE90085F340 /* Sources */ = {
			isa = PBXSourcesBuildPhase;
			buildActionMask = 2147483647;
			files = (
				051F92C21E922AE90085F340 /* WhatisitUITests.swift in Sources */,
			);
			runOnlyForDeploymentPostprocessing = 0;
		};
/* End PBXSourcesBuildPhase section */

/* Begin PBXTargetDependency section */
		051F92B41E922AE90085F340 /* PBXTargetDependency */ = {
			isa = PBXTargetDependency;
			target = 051F929D1E922AE90085F340 /* Whatisit */;
			targetProxy = 051F92B31E922AE90085F340 /* PBXContainerItemProxy */;
		};
		051F92BF1E922AE90085F340 /* PBXTargetDependency */ = {
			isa = PBXTargetDependency;
			target = 051F929D1E922AE90085F340 /* Whatisit */;
			targetProxy = 051F92BE1E922AE90085F340 /* PBXContainerItemProxy */;
		};
/* End PBXTargetDependency section */

/* Begin PBXVariantGroup section */
		051F92A51E922AE90085F340 /* Main.storyboard */ = {
			isa = PBXVariantGroup;
			children = (
				051F92A61E922AE90085F340 /* Base */,
			);
			name = Main.storyboard;
			sourceTree = "<group>";
		};
		051F92AA1E922AE90085F340 /* LaunchScreen.storyboard */ = {
			isa = PBXVariantGroup;
			children = (
				051F92AB1E922AE90085F340 /* Base */,
			);
			name = LaunchScreen.storyboard;
			sourceTree = "<group>";
		};
/* End PBXVariantGroup section */

/* Begin XCBuildConfiguration section */
		051F92C41E922AE90085F340 /* Debug */ = {
			isa = XCBuildConfiguration;
			buildSettings = {
				ALWAYS_SEARCH_USER_PATHS = NO;
				CLANG_ANALYZER_NONNULL = YES;
				CLANG_ANALYZER_NUMBER_OBJECT_CONVERSION = YES_AGGRESSIVE;
				CLANG_CXX_LANGUAGE_STANDARD = "gnu++0x";
				CLANG_CXX_LIBRARY = "libc++";
				CLANG_ENABLE_MODULES = YES;
				CLANG_ENABLE_OBJC_ARC = YES;
				CLANG_WARN_BOOL_CONVERSION = YES;
				CLANG_WARN_CONSTANT_CONVERSION = YES;
				CLANG_WARN_DIRECT_OBJC_ISA_USAGE = YES_ERROR;
				CLANG_WARN_DOCUMENTATION_COMMENTS = YES;
				CLANG_WARN_EMPTY_BODY = YES;
				CLANG_WARN_ENUM_CONVERSION = YES;
				CLANG_WARN_INFINITE_RECURSION = YES;
				CLANG_WARN_INT_CONVERSION = YES;
				CLANG_WARN_OBJC_ROOT_CLASS = YES_ERROR;
				CLANG_WARN_SUSPICIOUS_MOVE = YES;
				CLANG_WARN_UNREACHABLE_CODE = YES;
				CLANG_WARN__DUPLICATE_METHOD_MATCH = YES;
				CODE_SIGN_IDENTITY = "iPhone Developer: Tanaka Souta (67C4EW26BU)";
				"CODE_SIGN_IDENTITY[sdk=iphoneos*]" = "iPhone Developer";
				COPY_PHASE_STRIP = NO;
				DEBUG_INFORMATION_FORMAT = dwarf;
				ENABLE_STRICT_OBJC_MSGSEND = YES;
				ENABLE_TESTABILITY = YES;
				GCC_C_LANGUAGE_STANDARD = gnu99;
				GCC_DYNAMIC_NO_PIC = NO;
				GCC_NO_COMMON_BLOCKS = YES;
				GCC_OPTIMIZATION_LEVEL = 0;
				GCC_PREPROCESSOR_DEFINITIONS = (
					"DEBUG=1",
					"$(inherited)",
				);
				GCC_WARN_64_TO_32_BIT_CONVERSION = YES;
				GCC_WARN_ABOUT_RETURN_TYPE = YES_ERROR;
				GCC_WARN_UNDECLARED_SELECTOR = YES;
				GCC_WARN_UNINITIALIZED_AUTOS = YES_AGGRESSIVE;
				GCC_WARN_UNUSED_FUNCTION = YES;
				GCC_WARN_UNUSED_VARIABLE = YES;
				IPHONEOS_DEPLOYMENT_TARGET = 10.3;
				MTL_ENABLE_DEBUG_INFO = YES;
				ONLY_ACTIVE_ARCH = YES;
				SDKROOT = iphoneos;
				SWIFT_ACTIVE_COMPILATION_CONDITIONS = DEBUG;
				SWIFT_OPTIMIZATION_LEVEL = "-Onone";
				TARGETED_DEVICE_FAMILY = "1,2";
			};
			name = Debug;
		};
		051F92C51E922AE90085F340 /* Release */ = {
			isa = XCBuildConfiguration;
			buildSettings = {
				ALWAYS_SEARCH_USER_PATHS = NO;
				CLANG_ANALYZER_NONNULL = YES;
				CLANG_ANALYZER_NUMBER_OBJECT_CONVERSION = YES_AGGRESSIVE;
				CLANG_CXX_LANGUAGE_STANDARD = "gnu++0x";
				CLANG_CXX_LIBRARY = "libc++";
				CLANG_ENABLE_MODULES = YES;
				CLANG_ENABLE_OBJC_ARC = YES;
				CLANG_WARN_BOOL_CONVERSION = YES;
				CLANG_WARN_CONSTANT_CONVERSION = YES;
				CLANG_WARN_DIRECT_OBJC_ISA_USAGE = YES_ERROR;
				CLANG_WARN_DOCUMENTATION_COMMENTS = YES;
				CLANG_WARN_EMPTY_BODY = YES;
				CLANG_WARN_ENUM_CONVERSION = YES;
				CLANG_WARN_INFINITE_RECURSION = YES;
				CLANG_WARN_INT_CONVERSION = YES;
				CLANG_WARN_OBJC_ROOT_CLASS = YES_ERROR;
				CLANG_WARN_SUSPICIOUS_MOVE = YES;
				CLANG_WARN_UNREACHABLE_CODE = YES;
				CLANG_WARN__DUPLICATE_METHOD_MATCH = YES;
				CODE_SIGN_IDENTITY = "iPhone Developer: Tanaka Souta (67C4EW26BU)";
				"CODE_SIGN_IDENTITY[sdk=iphoneos*]" = "iPhone Developer";
				COPY_PHASE_STRIP = NO;
				DEBUG_INFORMATION_FORMAT = "dwarf-with-dsym";
				ENABLE_NS_ASSERTIONS = NO;
				ENABLE_STRICT_OBJC_MSGSEND = YES;
				GCC_C_LANGUAGE_STANDARD = gnu99;
				GCC_NO_COMMON_BLOCKS = YES;
				GCC_WARN_64_TO_32_BIT_CONVERSION = YES;
				GCC_WARN_ABOUT_RETURN_TYPE = YES_ERROR;
				GCC_WARN_UNDECLARED_SELECTOR = YES;
				GCC_WARN_UNINITIALIZED_AUTOS = YES_AGGRESSIVE;
				GCC_WARN_UNUSED_FUNCTION = YES;
				GCC_WARN_UNUSED_VARIABLE = YES;
				IPHONEOS_DEPLOYMENT_TARGET = 10.3;
				MTL_ENABLE_DEBUG_INFO = NO;
				SDKROOT = iphoneos;
				SWIFT_OPTIMIZATION_LEVEL = "-Owholemodule";
				TARGETED_DEVICE_FAMILY = "1,2";
				VALIDATE_PRODUCT = YES;
			};
			name = Release;
		};
		051F92C71E922AE90085F340 /* Debug */ = {
			isa = XCBuildConfiguration;
			baseConfigurationReference = 0F49527E375B56D1149E1776 /* Pods-Whatisit.debug.xcconfig */;
			buildSettings = {
				ASSETCATALOG_COMPILER_APPICON_NAME = AppIcon;
				"CODE_SIGN_IDENTITY[sdk=iphoneos*]" = "iPhone Developer";
				DEVELOPMENT_TEAM = HCS25MS9UH;
				INFOPLIST_FILE = Whatisit/Info.plist;
				IPHONEOS_DEPLOYMENT_TARGET = 9.3.5;
				LD_RUNPATH_SEARCH_PATHS = "$(inherited) @executable_path/Frameworks";
				ONLY_ACTIVE_ARCH = YES;
				PRODUCT_BUNDLE_IDENTIFIER = com.soutatanaka.whatisit;
				PRODUCT_NAME = "$(TARGET_NAME)";
				PROVISIONING_PROFILE = "";
				PROVISIONING_PROFILE_SPECIFIER = "";
				SWIFT_VERSION = 3.0;
				TARGETED_DEVICE_FAMILY = 1;
			};
			name = Debug;
		};
		051F92C81E922AE90085F340 /* Release */ = {
			isa = XCBuildConfiguration;
			baseConfigurationReference = A04A1FB8CD5FA6F256744440 /* Pods-Whatisit.release.xcconfig */;
			buildSettings = {
				ASSETCATALOG_COMPILER_APPICON_NAME = AppIcon;
				"CODE_SIGN_IDENTITY[sdk=iphoneos*]" = "iPhone Developer";
				DEVELOPMENT_TEAM = HCS25MS9UH;
				INFOPLIST_FILE = Whatisit/Info.plist;
				IPHONEOS_DEPLOYMENT_TARGET = 9.3.5;
				LD_RUNPATH_SEARCH_PATHS = "$(inherited) @executable_path/Frameworks";
				ONLY_ACTIVE_ARCH = NO;
				PRODUCT_BUNDLE_IDENTIFIER = com.soutatanaka.whatisit;
				PRODUCT_NAME = "$(TARGET_NAME)";
				PROVISIONING_PROFILE = "";
				PROVISIONING_PROFILE_SPECIFIER = "";
				SWIFT_VERSION = 3.0;
				TARGETED_DEVICE_FAMILY = 1;
			};
			name = Release;
		};
		051F92CA1E922AE90085F340 /* Debug */ = {
			isa = XCBuildConfiguration;
			baseConfigurationReference = FA3F37E8D580D9893B8C5840 /* Pods-WhatisitTests.debug.xcconfig */;
			buildSettings = {
				ALWAYS_EMBED_SWIFT_STANDARD_LIBRARIES = YES;
				BUNDLE_LOADER = "$(TEST_HOST)";
				INFOPLIST_FILE = WhatisitTests/Info.plist;
				LD_RUNPATH_SEARCH_PATHS = "$(inherited) @executable_path/Frameworks @loader_path/Frameworks";
				PRODUCT_BUNDLE_IDENTIFIER = lifeistech.WhatisitTests;
				PRODUCT_NAME = "$(TARGET_NAME)";
				SWIFT_VERSION = 3.0;
				TEST_HOST = "$(BUILT_PRODUCTS_DIR)/Whatisit.app/Whatisit";
			};
			name = Debug;
		};
		051F92CB1E922AE90085F340 /* Release */ = {
			isa = XCBuildConfiguration;
			baseConfigurationReference = 4E6E68B28634E59CCA2641B3 /* Pods-WhatisitTests.release.xcconfig */;
			buildSettings = {
				ALWAYS_EMBED_SWIFT_STANDARD_LIBRARIES = YES;
				BUNDLE_LOADER = "$(TEST_HOST)";
				INFOPLIST_FILE = WhatisitTests/Info.plist;
				LD_RUNPATH_SEARCH_PATHS = "$(inherited) @executable_path/Frameworks @loader_path/Frameworks";
				PRODUCT_BUNDLE_IDENTIFIER = lifeistech.WhatisitTests;
				PRODUCT_NAME = "$(TARGET_NAME)";
				SWIFT_VERSION = 3.0;
				TEST_HOST = "$(BUILT_PRODUCTS_DIR)/Whatisit.app/Whatisit";
			};
			name = Release;
		};
		051F92CD1E922AE90085F340 /* Debug */ = {
			isa = XCBuildConfiguration;
			baseConfigurationReference = DEEAEE97BF172A1286AADF3D /* Pods-WhatisitUITests.debug.xcconfig */;
			buildSettings = {
				ALWAYS_EMBED_SWIFT_STANDARD_LIBRARIES = YES;
				INFOPLIST_FILE = WhatisitUITests/Info.plist;
				LD_RUNPATH_SEARCH_PATHS = "$(inherited) @executable_path/Frameworks @loader_path/Frameworks";
				PRODUCT_BUNDLE_IDENTIFIER = lifeistech.WhatisitUITests;
				PRODUCT_NAME = "$(TARGET_NAME)";
				SWIFT_VERSION = 3.0;
				TEST_TARGET_NAME = Whatisit;
			};
			name = Debug;
		};
		051F92CE1E922AE90085F340 /* Release */ = {
			isa = XCBuildConfiguration;
			baseConfigurationReference = 9B4902470445725070DA2221 /* Pods-WhatisitUITests.release.xcconfig */;
			buildSettings = {
				ALWAYS_EMBED_SWIFT_STANDARD_LIBRARIES = YES;
				INFOPLIST_FILE = WhatisitUITests/Info.plist;
				LD_RUNPATH_SEARCH_PATHS = "$(inherited) @executable_path/Frameworks @loader_path/Frameworks";
				PRODUCT_BUNDLE_IDENTIFIER = lifeistech.WhatisitUITests;
				PRODUCT_NAME = "$(TARGET_NAME)";
				SWIFT_VERSION = 3.0;
				TEST_TARGET_NAME = Whatisit;
			};
			name = Release;
		};
/* End XCBuildConfiguration section */

/* Begin XCConfigurationList section */
		051F92991E922AE90085F340 /* Build configuration list for PBXProject "Whatisit" */ = {
			isa = XCConfigurationList;
			buildConfigurations = (
				051F92C41E922AE90085F340 /* Debug */,
				051F92C51E922AE90085F340 /* Release */,
			);
			defaultConfigurationIsVisible = 0;
			defaultConfigurationName = Release;
		};
		051F92C61E922AE90085F340 /* Build configuration list for PBXNativeTarget "Whatisit" */ = {
			isa = XCConfigurationList;
			buildConfigurations = (
				051F92C71E922AE90085F340 /* Debug */,
				051F92C81E922AE90085F340 /* Release */,
			);
			defaultConfigurationIsVisible = 0;
			defaultConfigurationName = Release;
		};
		051F92C91E922AE90085F340 /* Build configuration list for PBXNativeTarget "WhatisitTests" */ = {
			isa = XCConfigurationList;
			buildConfigurations = (
				051F92CA1E922AE90085F340 /* Debug */,
				051F92CB1E922AE90085F340 /* Release */,
			);
			defaultConfigurationIsVisible = 0;
			defaultConfigurationName = Release;
		};
		051F92CC1E922AE90085F340 /* Build configuration list for PBXNativeTarget "WhatisitUITests" */ = {
			isa = XCConfigurationList;
			buildConfigurations = (
				051F92CD1E922AE90085F340 /* Debug */,
				051F92CE1E922AE90085F340 /* Release */,
			);
			defaultConfigurationIsVisible = 0;
			defaultConfigurationName = Release;
		};
/* End XCConfigurationList section */
	};
	rootObject = 051F92961E922AE90085F340 /* Project object */;
}
